# This file is automatically @generated by Cargo.
# It is not intended for manual editing.
version = 4

[[package]]
name = "dedup-core"
version = "0.1.0"

[[package]]
name = "dedup-desktop-core"
version = "0.1.0"

[[package]]
name = "dedup-desktop-ui"
version = "0.1.0"

[[package]]
name = "dedup-media"
version = "0.1.0"

[[package]]
name = "dedup-media-ffmpeg"
version = "0.1.0"

[[package]]
name = "dedup-node-engine"
version = "0.1.0"

[[package]]
name = "dedup-node-store"
version = "0.1.0"

[[package]]
name = "dedup-protocol"
version = "0.1.0"

[[package]]
name = "dedup-transport"
version = "0.1.0"

[[package]]
name = "dedup-windows"
version = "0.1.0"

[[package]]
name = "desktop"
version = "0.1.0"

[[package]]
name = "node"
version = "0.1.0"

[[package]]
name = "worker"
version = "0.1.0"
